
Microsoft Visual Studio Solution File, Format Version 12.00
# Visual Studio Version 16
VisualStudioVersion = 16.0.30611.23
MinimumVisualStudioVersion = 10.0.40219.1
Project("{FAE04EC0-301F-11D3-BF4B-00C04F79EFBC}") = "CarWash", "CarWash\CarWash.csproj", "{5E5DD500-3AC4-40D5-9BD5-EA3E00709C1B}"
EndProject
Global
	GlobalSection(SolutionConfigurationPlatforms) = preSolution
		Debug|Any CPU = Debug|Any CPU
		Release|Any CPU = Release|Any CPU
	EndGlobalSection
	GlobalSection(ProjectConfigurationPlatforms) = postSolution
		{5E5DD500-3AC4-40D5-9BD5-EA3E00709C1B}.Debug|Any CPU.ActiveCfg = Debug|Any CPU
		{5E5DD500-3AC4-40D5-9BD5-EA3E00709C1B}.Debug|Any CPU.Build.0 = Debug|Any CPU
		{5E5DD500-3AC4-40D5-9BD5-EA3E00709C1B}.Release|Any CPU.ActiveCfg = Release|Any CPU
		{5E5DD500-3AC4-40D5-9BD5-EA3E00709C1B}.Release|Any CPU.Build.0 = Release|Any CPU
	EndGlobalSection
	GlobalSection(SolutionProperties) = preSolution
		HideSolutionNode = FALSE
	EndGlobalSection
	GlobalSection(ExtensibilityGlobals) = postSolution
		SolutionGuid = {6D598C78-8ED9-4D03-90B7-8F0AF4200254}
	EndGlobalSection
EndGlobal
